
Microsoft Visual Studio Solution File, Format Version 12.00
# Visual Studio 15
VisualStudioVersion = 15.0.27004.2009
MinimumVisualStudioVersion = 10.0.40219.1
Project("{FAE04EC0-301F-11D3-BF4B-00C04F79EFBC}") = "MainInterface", "WindowsFormsApp1\MainInterface.csproj", "{EC574F0C-A497-44F0-BE0D-960B24C7D8B5}"
EndProject
Global
	GlobalSection(SolutionConfigurationPlatforms) = preSolution
		Debug|Any CPU = Debug|Any CPU
		Release|Any CPU = Release|Any CPU
	EndGlobalSection
	GlobalSection(ProjectConfigurationPlatforms) = postSolution
		{EC574F0C-A497-44F0-BE0D-960B24C7D8B5}.Debug|Any CPU.ActiveCfg = Debug|Any CPU
		{EC574F0C-A497-44F0-BE0D-960B24C7D8B5}.Debug|Any CPU.Build.0 = Debug|Any CPU
		{EC574F0C-A497-44F0-BE0D-960B24C7D8B5}.Release|Any CPU.ActiveCfg = Release|Any CPU
		{EC574F0C-A497-44F0-BE0D-960B24C7D8B5}.Release|Any CPU.Build.0 = Release|Any CPU
	EndGlobalSection
	GlobalSection(SolutionProperties) = preSolution
		HideSolutionNode = FALSE
	EndGlobalSection
	GlobalSection(ExtensibilityGlobals) = postSolution
		SolutionGuid = {EB2C0AEA-02D0-4C9E-91F3-EDD1AD86E6C7}
	EndGlobalSection
EndGlobal
